
Microsoft Visual Studio Solution File, Format Version 12.00
# Visual Studio Version 17
VisualStudioVersion = 17.12.35424.110 d17.12
MinimumVisualStudioVersion = 10.0.40219.1
Project("{FAE04EC0-301F-11D3-BF4B-00C04F79EFBC}") = "LivePhotoConvert", "LivePhotoConvert\LivePhotoConvert.csproj", "{92AD28A6-5C4F-4D43-8E21-0EF0AD95F07A}"
EndProject
Global
	GlobalSection(SolutionConfigurationPlatforms) = preSolution
		Debug|Any CPU = Debug|Any CPU
		Release|Any CPU = Release|Any CPU
	EndGlobalSection
	GlobalSection(ProjectConfigurationPlatforms) = postSolution
		{92AD28A6-5C4F-4D43-8E21-0EF0AD95F07A}.Debug|Any CPU.ActiveCfg = Debug|Any CPU
		{92AD28A6-5C4F-4D43-8E21-0EF0AD95F07A}.Debug|Any CPU.Build.0 = Debug|Any CPU
		{92AD28A6-5C4F-4D43-8E21-0EF0AD95F07A}.Release|Any CPU.ActiveCfg = Release|Any CPU
		{92AD28A6-5C4F-4D43-8E21-0EF0AD95F07A}.Release|Any CPU.Build.0 = Release|Any CPU
	EndGlobalSection
	GlobalSection(SolutionProperties) = preSolution
		HideSolutionNode = FALSE
	EndGlobalSection
EndGlobal
