<Solution>
  <Folder Name="/src/">
    <Project Path="src/LivePhotoConvert.Core/LivePhotoConvert.Core.csproj" />
    <Project Path="src/LivePhotoConvert.Desktop/LivePhotoConvert.Desktop.csproj" />
  </Folder>
  <Folder Name="/tests/">
    <Project Path="tests/LivePhotoConvert.Core.Tests/LivePhotoConvert.Core.Tests.csproj" />
    <Project Path="tests/LivePhotoConvert.Desktop.Tests/LivePhotoConvert.Desktop.Tests.csproj" />
    <Project Path="tests/LivePhotoConvert.E2E/LivePhotoConvert.E2E.csproj" />
  </Folder>
</Solution>
